// !$*UTF8*$!
{
	archiveVersion = 1;
	classes = {
	};
	objectVersion = 56;
	objects = {

/* Begin PBXBuildFile section */
		D478B05D28F56F55006333DB /* CleanSwiftUIApp.swift in Sources */ = {isa = PBXBuildFile; fileRef = D478B05C28F56F55006333DB /* CleanSwiftUIApp.swift */; };
		D478B05F28F56F55006333DB /* ContentView.swift in Sources */ = {isa = PBXBuildFile; fileRef = D478B05E28F56F55006333DB /* ContentView.swift */; };
		D478B06128F56F56006333DB /* Assets.xcassets in Resources */ = {isa = PBXBuildFile; fileRef = D478B06028F56F56006333DB /* Assets.xcassets */; };
		D478B06428F56F56006333DB /* Preview Assets.xcassets in Resources */ = {isa = PBXBuildFile; fileRef = D478B06328F56F56006333DB /* Preview Assets.xcassets */; };
		D478B06628F56F56006333DB /* Persistence.swift in Sources */ = {isa = PBXBuildFile; fileRef = D478B06528F56F56006333DB /* Persistence.swift */; };
		D478B06928F56F56006333DB /* CleanSwiftUI.xcdatamodeld in Sources */ = {isa = PBXBuildFile; fileRef = D478B06728F56F56006333DB /* CleanSwiftUI.xcdatamodeld */; };
		D478B07328F56F57006333DB /* CleanSwiftUITests.swift in Sources */ = {isa = PBXBuildFile; fileRef = D478B07228F56F57006333DB /* CleanSwiftUITests.swift */; };
		D478B07D28F56F57006333DB /* CleanSwiftUIUITests.swift in Sources */ = {isa = PBXBuildFile; fileRef = D478B07C28F56F57006333DB /* CleanSwiftUIUITests.swift */; };
		D478B07F28F56F57006333DB /* CleanSwiftUIUITestsLaunchTests.swift in Sources */ = {isa = PBXBuildFile; fileRef = D478B07E28F56F57006333DB /* CleanSwiftUIUITestsLaunchTests.swift */; };
/* End PBXBuildFile section */

/* Begin PBXContainerItemProxy section */
		D478B06F28F56F57006333DB /* PBXContainerItemProxy */ = {
			isa = PBXContainerItemProxy;
			containerPortal = D478B05128F56F54006333DB /* Project object */;
			proxyType = 1;
			remoteGlobalIDString = D478B05828F56F55006333DB;
			remoteInfo = CleanSwiftUI;
		};
		D478B07928F56F57006333DB /* PBXContainerItemProxy */ = {
			isa = PBXContainerItemProxy;
			containerPortal = D478B05128F56F54006333DB /* Project object */;
			proxyType = 1;
			remoteGlobalIDString = D478B05828F56F55006333DB;
			remoteInfo = CleanSwiftUI;
		};
/* End PBXContainerItemProxy section */

/* Begin PBXFileReference section */
		D478B05928F56F55006333DB /* CleanSwiftUI.app */ = {isa = PBXFileReference; explicitFileType = wrapper.application; includeInIndex = 0; path = CleanSwiftUI.app; sourceTree = BUILT_PRODUCTS_DIR; };
		D478B05C28F56F55006333DB /* CleanSwiftUIApp.swift */ = {isa = PBXFileReference; lastKnownFileType = sourcecode.swift; path = CleanSwiftUIApp.swift; sourceTree = "<group>"; };
		D478B05E28F56F55006333DB /* ContentView.swift */ = {isa = PBXFileReference; lastKnownFileType = sourcecode.swift; path = ContentView.swift; sourceTree = "<group>"; };
		D478B06028F56F56006333DB /* Assets.xcassets */ = {isa = PBXFileReference; lastKnownFileType = folder.assetcatalog; path = Assets.xcassets; sourceTree = "<group>"; };
		D478B06328F56F56006333DB /* Preview Assets.xcassets */ = {isa = PBXFileReference; lastKnownFileType = folder.assetcatalog; path = "Preview Assets.xcassets"; sourceTree = "<group>"; };
		D478B06528F56F56006333DB /* Persistence.swift */ = {isa = PBXFileReference; lastKnownFileType = sourcecode.swift; path = Persistence.swift; sourceTree = "<group>"; };
		D478B06828F56F56006333DB /* CleanSwiftUI.xcdatamodel */ = {isa = PBXFileReference; lastKnownFileType = wrapper.xcdatamodel; path = CleanSwiftUI.xcdatamodel; sourceTree = "<group>"; };
		D478B06E28F56F57006333DB /* CleanSwiftUITests.xctest */ = {isa = PBXFileReference; explicitFileType = wrapper.cfbundle; includeInIndex = 0; path = CleanSwiftUITests.xctest; sourceTree = BUILT_PRODUCTS_DIR; };
		D478B07228F56F57006333DB /* CleanSwiftUITests.swift */ = {isa = PBXFileReference; lastKnownFileType = sourcecode.swift; path = CleanSwiftUITests.swift; sourceTree = "<group>"; };
		D478B07828F56F57006333DB /* CleanSwiftUIUITests.xctest */ = {isa = PBXFileReference; explicitFileType = wrapper.cfbundle; includeInIndex = 0; path = CleanSwiftUIUITests.xctest; sourceTree = BUILT_PRODUCTS_DIR; };
		D478B07C28F56F57006333DB /* CleanSwiftUIUITests.swift */ = {isa = PBXFileReference; lastKnownFileType = sourcecode.swift; path = CleanSwiftUIUITests.swift; sourceTree = "<group>"; };
		D478B07E28F56F57006333DB /* CleanSwiftUIUITestsLaunchTests.swift */ = {isa = PBXFileReference; lastKnownFileType = sourcecode.swift; path = CleanSwiftUIUITestsLaunchTests.swift; sourceTree = "<group>"; };
/* End PBXFileReference section */

/* Begin PBXFrameworksBuildPhase section */
		D478B05628F56F55006333DB /* Frameworks */ = {
			isa = PBXFrameworksBuildPhase;
			buildActionMask = 2147483647;
			files = (
			);
			runOnlyForDeploymentPostprocessing = 0;
		};
		D478B06B28F56F57006333DB /* Frameworks */ = {
			isa = PBXFrameworksBuildPhase;
			buildActionMask = 2147483647;
			files = (
			);
			runOnlyForDeploymentPostprocessing = 0;
		};
		D478B07528F56F57006333DB /* Frameworks */ = {
			isa = PBXFrameworksBuildPhase;
			buildActionMask = 2147483647;
			files = (
			);
			runOnlyForDeploymentPostprocessing = 0;
		};
/* End PBXFrameworksBuildPhase section */

/* Begin PBXGroup section */
		D478B05028F56F54006333DB = {
			isa = PBXGroup;
			children = (
				D478B05B28F56F55006333DB /* CleanSwiftUI */,
				D478B07128F56F57006333DB /* CleanSwiftUITests */,
				D478B07B28F56F57006333DB /* CleanSwiftUIUITests */,
				D478B05A28F56F55006333DB /* Products */,
			);
			sourceTree = "<group>";
		};
		D478B05A28F56F55006333DB /* Products */ = {
			isa = PBXGroup;
			children = (
				D478B05928F56F55006333DB /* CleanSwiftUI.app */,
				D478B06E28F56F57006333DB /* CleanSwiftUITests.xctest */,
				D478B07828F56F57006333DB /* CleanSwiftUIUITests.xctest */,
			);
			name = Products;
			sourceTree = "<group>";
		};
		D478B05B28F56F55006333DB /* CleanSwiftUI */ = {
			isa = PBXGroup;
			children = (
				D478B05C28F56F55006333DB /* CleanSwiftUIApp.swift */,
				D478B05E28F56F55006333DB /* ContentView.swift */,
				D478B06028F56F56006333DB /* Assets.xcassets */,
				D478B06528F56F56006333DB /* Persistence.swift */,
				D478B06728F56F56006333DB /* CleanSwiftUI.xcdatamodeld */,
				D478B06228F56F56006333DB /* Preview Content */,
			);
			path = CleanSwiftUI;
			sourceTree = "<group>";
		};
		D478B06228F56F56006333DB /* Preview Content */ = {
			isa = PBXGroup;
			children = (
				D478B06328F56F56006333DB /* Preview Assets.xcassets */,
			);
			path = "Preview Content";
			sourceTree = "<group>";
		};
		D478B07128F56F57006333DB /* CleanSwiftUITests */ = {
			isa = PBXGroup;
			children = (
				D478B07228F56F57006333DB /* CleanSwiftUITests.swift */,
			);
			path = CleanSwiftUITests;
			sourceTree = "<group>";
		};
		D478B07B28F56F57006333DB /* CleanSwiftUIUITests */ = {
			isa = PBXGroup;
			children = (
				D478B07C28F56F57006333DB /* CleanSwiftUIUITests.swift */,
				D478B07E28F56F57006333DB /* CleanSwiftUIUITestsLaunchTests.swift */,
			);
			path = CleanSwiftUIUITests;
			sourceTree = "<group>";
		};
/* End PBXGroup section */

/* Begin PBXNativeTarget section */
		D478B05828F56F55006333DB /* CleanSwiftUI */ = {
			isa = PBXNativeTarget;
			buildConfigurationList = D478B08228F56F57006333DB /* Build configuration list for PBXNativeTarget "CleanSwiftUI" */;
			buildPhases = (
				D478B05528F56F55006333DB /* Sources */,
				D478B05628F56F55006333DB /* Frameworks */,
				D478B05728F56F55006333DB /* Resources */,
			);
			buildRules = (
			);
			dependencies = (
			);
			name = CleanSwiftUI;
			productName = CleanSwiftUI;
			productReference = D478B05928F56F55006333DB /* CleanSwiftUI.app */;
			productType = "com.apple.product-type.application";
		};
		D478B06D28F56F57006333DB /* CleanSwiftUITests */ = {
			isa = PBXNativeTarget;
			buildConfigurationList = D478B08528F56F57006333DB /* Build configuration list for PBXNativeTarget "CleanSwiftUITests" */;
			buildPhases = (
				D478B06A28F56F57006333DB /* Sources */,
				D478B06B28F56F57006333DB /* Frameworks */,
				D478B06C28F56F57006333DB /* Resources */,
			);
			buildRules = (
			);
			dependencies = (
				D478B07028F56F57006333DB /* PBXTargetDependency */,
			);
			name = CleanSwiftUITests;
			productName = CleanSwiftUITests;
			productReference = D478B06E28F56F57006333DB /* CleanSwiftUITests.xctest */;
			productType = "com.apple.product-type.bundle.unit-test";
		};
		D478B07728F56F57006333DB /* CleanSwiftUIUITests */ = {
			isa = PBXNativeTarget;
			buildConfigurationList = D478B08828F56F57006333DB /* Build configuration list for PBXNativeTarget "CleanSwiftUIUITests" */;
			buildPhases = (
				D478B07428F56F57006333DB /* Sources */,
				D478B07528F56F57006333DB /* Frameworks */,
				D478B07628F56F57006333DB /* Resources */,
			);
			buildRules = (
			);
			dependencies = (
				D478B07A28F56F57006333DB /* PBXTargetDependency */,
			);
			name = CleanSwiftUIUITests;
			productName = CleanSwiftUIUITests;
			productReference = D478B07828F56F57006333DB /* CleanSwiftUIUITests.xctest */;
			productType = "com.apple.product-type.bundle.ui-testing";
		};
/* End PBXNativeTarget section */

/* Begin PBXProject section */
		D478B05128F56F54006333DB /* Project object */ = {
			isa = PBXProject;
			attributes = {
				BuildIndependentTargetsInParallel = 1;
				LastSwiftUpdateCheck = 1400;
				LastUpgradeCheck = 1400;
				TargetAttributes = {
					D478B05828F56F55006333DB = {
						CreatedOnToolsVersion = 14.0.1;
					};
					D478B06D28F56F57006333DB = {
						CreatedOnToolsVersion = 14.0.1;
						TestTargetID = D478B05828F56F55006333DB;
					};
					D478B07728F56F57006333DB = {
						CreatedOnToolsVersion = 14.0.1;
						TestTargetID = D478B05828F56F55006333DB;
					};
				};
			};
			buildConfigurationList = D478B05428F56F54006333DB /* Build configuration list for PBXProject "CleanSwiftUI" */;
			compatibilityVersion = "Xcode 14.0";
			developmentRegion = en;
			hasScannedForEncodings = 0;
			knownRegions = (
				en,
				Base,
			);
			mainGroup = D478B05028F56F54006333DB;
			productRefGroup = D478B05A28F56F55006333DB /* Products */;
			projectDirPath = "";
			projectRoot = "";
			targets = (
				D478B05828F56F55006333DB /* CleanSwiftUI */,
				D478B06D28F56F57006333DB /* CleanSwiftUITests */,
				D478B07728F56F57006333DB /* CleanSwiftUIUITests */,
			);
		};
/* End PBXProject section */

/* Begin PBXResourcesBuildPhase section */
		D478B05728F56F55006333DB /* Resources */ = {
			isa = PBXResourcesBuildPhase;
			buildActionMask = 2147483647;
			files = (
				D478B06428F56F56006333DB /* Preview Assets.xcassets in Resources */,
				D478B06128F56F56006333DB /* Assets.xcassets in Resources */,
			);
			runOnlyForDeploymentPostprocessing = 0;
		};
		D478B06C28F56F57006333DB /* Resources */ = {
			isa = PBXResourcesBuildPhase;
			buildActionMask = 2147483647;
			files = (
			);
			runOnlyForDeploymentPostprocessing = 0;
		};
		D478B07628F56F57006333DB /* Resources */ = {
			isa = PBXResourcesBuildPhase;
			buildActionMask = 2147483647;
			files = (
			);
			runOnlyForDeploymentPostprocessing = 0;
		};
/* End PBXResourcesBuildPhase section */

/* Begin PBXSourcesBuildPhase section */
		D478B05528F56F55006333DB /* Sources */ = {
			isa = PBXSourcesBuildPhase;
			buildActionMask = 2147483647;
			files = (
				D478B06628F56F56006333DB /* Persistence.swift in Sources */,
				D478B05F28F56F55006333DB /* ContentView.swift in Sources */,
				D478B05D28F56F55006333DB /* CleanSwiftUIApp.swift in Sources */,
				D478B06928F56F56006333DB /* CleanSwiftUI.xcdatamodeld in Sources */,
			);
			runOnlyForDeploymentPostprocessing = 0;
		};
		D478B06A28F56F57006333DB /* Sources */ = {
			isa = PBXSourcesBuildPhase;
			buildActionMask = 2147483647;
			files = (
				D478B07328F56F57006333DB /* CleanSwiftUITests.swift in Sources */,
			);
			runOnlyForDeploymentPostprocessing = 0;
		};
		D478B07428F56F57006333DB /* Sources */ = {
			isa = PBXSourcesBuildPhase;
			buildActionMask = 2147483647;
			files = (
				D478B07F28F56F57006333DB /* CleanSwiftUIUITestsLaunchTests.swift in Sources */,
				D478B07D28F56F57006333DB /* CleanSwiftUIUITests.swift in Sources */,
			);
			runOnlyForDeploymentPostprocessing = 0;
		};
/* End PBXSourcesBuildPhase section */

/* Begin PBXTargetDependency section */
		D478B07028F56F57006333DB /* PBXTargetDependency */ = {
			isa = PBXTargetDependency;
			target = D478B05828F56F55006333DB /* CleanSwiftUI */;
			targetProxy = D478B06F28F56F57006333DB /* PBXContainerItemProxy */;
		};
		D478B07A28F56F57006333DB /* PBXTargetDependency */ = {
			isa = PBXTargetDependency;
			target = D478B05828F56F55006333DB /* CleanSwiftUI */;
			targetProxy = D478B07928F56F57006333DB /* PBXContainerItemProxy */;
		};
/* End PBXTargetDependency section */

/* Begin XCBuildConfiguration section */
		D478B08028F56F57006333DB /* Debug */ = {
			isa = XCBuildConfiguration;
			buildSettings = {
				ALWAYS_SEARCH_USER_PATHS = NO;
				CLANG_ANALYZER_NONNULL = YES;
				CLANG_ANALYZER_NUMBER_OBJECT_CONVERSION = YES_AGGRESSIVE;
				CLANG_CXX_LANGUAGE_STANDARD = "gnu++20";
				CLANG_ENABLE_MODULES = YES;
				CLANG_ENABLE_OBJC_ARC = YES;
				CLANG_ENABLE_OBJC_WEAK = YES;
				CLANG_WARN_BLOCK_CAPTURE_AUTORELEASING = YES;
				CLANG_WARN_BOOL_CONVERSION = YES;
				CLANG_WARN_COMMA = YES;
				CLANG_WARN_CONSTANT_CONVERSION = YES;
				CLANG_WARN_DEPRECATED_OBJC_IMPLEMENTATIONS = YES;
				CLANG_WARN_DIRECT_OBJC_ISA_USAGE = YES_ERROR;
				CLANG_WARN_DOCUMENTATION_COMMENTS = YES;
				CLANG_WARN_EMPTY_BODY = YES;
				CLANG_WARN_ENUM_CONVERSION = YES;
				CLANG_WARN_INFINITE_RECURSION = YES;
				CLANG_WARN_INT_CONVERSION = YES;
				CLANG_WARN_NON_LITERAL_NULL_CONVERSION = YES;
				CLANG_WARN_OBJC_IMPLICIT_RETAIN_SELF = YES;
				CLANG_WARN_OBJC_LITERAL_CONVERSION = YES;
				CLANG_WARN_OBJC_ROOT_CLASS = YES_ERROR;
				CLANG_WARN_QUOTED_INCLUDE_IN_FRAMEWORK_HEADER = YES;
				CLANG_WARN_RANGE_LOOP_ANALYSIS = YES;
				CLANG_WARN_STRICT_PROTOTYPES = YES;
				CLANG_WARN_SUSPICIOUS_MOVE = YES;
				CLANG_WARN_UNGUARDED_AVAILABILITY = YES_AGGRESSIVE;
				CLANG_WARN_UNREACHABLE_CODE = YES;
				CLANG_WARN__DUPLICATE_METHOD_MATCH = YES;
				COPY_PHASE_STRIP = NO;
				DEBUG_INFORMATION_FORMAT = dwarf;
				ENABLE_STRICT_OBJC_MSGSEND = YES;
				ENABLE_TESTABILITY = YES;
				GCC_C_LANGUAGE_STANDARD = gnu11;
				GCC_DYNAMIC_NO_PIC = NO;
				GCC_NO_COMMON_BLOCKS = YES;
				GCC_OPTIMIZATION_LEVEL = 0;
				GCC_PREPROCESSOR_DEFINITIONS = (
					"DEBUG=1",
					"$(inherited)",
				);
				GCC_WARN_64_TO_32_BIT_CONVERSION = YES;
				GCC_WARN_ABOUT_RETURN_TYPE = YES_ERROR;
				GCC_WARN_UNDECLARED_SELECTOR = YES;
				GCC_WARN_UNINITIALIZED_AUTOS = YES_AGGRESSIVE;
				GCC_WARN_UNUSED_FUNCTION = YES;
				GCC_WARN_UNUSED_VARIABLE = YES;
				IPHONEOS_DEPLOYMENT_TARGET = 16.0;
				MTL_ENABLE_DEBUG_INFO = INCLUDE_SOURCE;
				MTL_FAST_MATH = YES;
				ONLY_ACTIVE_ARCH = YES;
				SDKROOT = iphoneos;
				SWIFT_ACTIVE_COMPILATION_CONDITIONS = DEBUG;
				SWIFT_OPTIMIZATION_LEVEL = "-Onone";
			};
			name = Debug;
		};
		D478B08128F56F57006333DB /* Release */ = {
			isa = XCBuildConfiguration;
			buildSettings = {
				ALWAYS_SEARCH_USER_PATHS = NO;
				CLANG_ANALYZER_NONNULL = YES;
				CLANG_ANALYZER_NUMBER_OBJECT_CONVERSION = YES_AGGRESSIVE;
				CLANG_CXX_LANGUAGE_STANDARD = "gnu++20";
				CLANG_ENABLE_MODULES = YES;
				CLANG_ENABLE_OBJC_ARC = YES;
				CLANG_ENABLE_OBJC_WEAK = YES;
				CLANG_WARN_BLOCK_CAPTURE_AUTORELEASING = YES;
				CLANG_WARN_BOOL_CONVERSION = YES;
				CLANG_WARN_COMMA = YES;
				CLANG_WARN_CONSTANT_CONVERSION = YES;
				CLANG_WARN_DEPRECATED_OBJC_IMPLEMENTATIONS = YES;
				CLANG_WARN_DIRECT_OBJC_ISA_USAGE = YES_ERROR;
				CLANG_WARN_DOCUMENTATION_COMMENTS = YES;
				CLANG_WARN_EMPTY_BODY = YES;
				CLANG_WARN_ENUM_CONVERSION = YES;
				CLANG_WARN_INFINITE_RECURSION = YES;
				CLANG_WARN_INT_CONVERSION = YES;
				CLANG_WARN_NON_LITERAL_NULL_CONVERSION = YES;
				CLANG_WARN_OBJC_IMPLICIT_RETAIN_SELF = YES;
				CLANG_WARN_OBJC_LITERAL_CONVERSION = YES;
				CLANG_WARN_OBJC_ROOT_CLASS = YES_ERROR;
				CLANG_WARN_QUOTED_INCLUDE_IN_FRAMEWORK_HEADER = YES;
				CLANG_WARN_RANGE_LOOP_ANALYSIS = YES;
				CLANG_WARN_STRICT_PROTOTYPES = YES;
				CLANG_WARN_SUSPICIOUS_MOVE = YES;
				CLANG_WARN_UNGUARDED_AVAILABILITY = YES_AGGRESSIVE;
				CLANG_WARN_UNREACHABLE_CODE = YES;
				CLANG_WARN__DUPLICATE_METHOD_MATCH = YES;
				COPY_PHASE_STRIP = NO;
				DEBUG_INFORMATION_FORMAT = "dwarf-with-dsym";
				ENABLE_NS_ASSERTIONS = NO;
				ENABLE_STRICT_OBJC_MSGSEND = YES;
				GCC_C_LANGUAGE_STANDARD = gnu11;
				GCC_NO_COMMON_BLOCKS = YES;
				GCC_WARN_64_TO_32_BIT_CONVERSION = YES;
				GCC_WARN_ABOUT_RETURN_TYPE = YES_ERROR;
				GCC_WARN_UNDECLARED_SELECTOR = YES;
				GCC_WARN_UNINITIALIZED_AUTOS = YES_AGGRESSIVE;
				GCC_WARN_UNUSED_FUNCTION = YES;
				GCC_WARN_UNUSED_VARIABLE = YES;
				IPHONEOS_DEPLOYMENT_TARGET = 16.0;
				MTL_ENABLE_DEBUG_INFO = NO;
				MTL_FAST_MATH = YES;
				SDKROOT = iphoneos;
				SWIFT_COMPILATION_MODE = wholemodule;
				SWIFT_OPTIMIZATION_LEVEL = "-O";
				VALIDATE_PRODUCT = YES;
			};
			name = Release;
		};
		D478B08328F56F57006333DB /* Debug */ = {
			isa = XCBuildConfiguration;
			buildSettings = {
				ASSETCATALOG_COMPILER_APPICON_NAME = AppIcon;
				ASSETCATALOG_COMPILER_GLOBAL_ACCENT_COLOR_NAME = AccentColor;
				CODE_SIGN_STYLE = Automatic;
				CURRENT_PROJECT_VERSION = 1;
				DEVELOPMENT_ASSET_PATHS = "\"CleanSwiftUI/Preview Content\"";
				DEVELOPMENT_TEAM = W98A637544;
				ENABLE_PREVIEWS = YES;
				GENERATE_INFOPLIST_FILE = YES;
				INFOPLIST_KEY_UIApplicationSceneManifest_Generation = YES;
				INFOPLIST_KEY_UIApplicationSupportsIndirectInputEvents = YES;
				INFOPLIST_KEY_UILaunchScreen_Generation = YES;
				INFOPLIST_KEY_UISupportedInterfaceOrientations_iPad = "UIInterfaceOrientationPortrait UIInterfaceOrientationPortraitUpsideDown UIInterfaceOrientationLandscapeLeft UIInterfaceOrientationLandscapeRight";
				INFOPLIST_KEY_UISupportedInterfaceOrientations_iPhone = "UIInterfaceOrientationPortrait UIInterfaceOrientationLandscapeLeft UIInterfaceOrientationLandscapeRight";
				LD_RUNPATH_SEARCH_PATHS = (
					"$(inherited)",
					"@executable_path/Frameworks",
				);
				MARKETING_VERSION = 1.0;
				PRODUCT_BUNDLE_IDENTIFIER = com.robbroadwell.CleanSwiftUI;
				PRODUCT_NAME = "$(TARGET_NAME)";
				SWIFT_EMIT_LOC_STRINGS = YES;
				SWIFT_VERSION = 5.0;
				TARGETED_DEVICE_FAMILY = "1,2";
			};
			name = Debug;
		};
		D478B08428F56F57006333DB /* Release */ = {
			isa = XCBuildConfiguration;
			buildSettings = {
				ASSETCATALOG_COMPILER_APPICON_NAME = AppIcon;
				ASSETCATALOG_COMPILER_GLOBAL_ACCENT_COLOR_NAME = AccentColor;
				CODE_SIGN_STYLE = Automatic;
				CURRENT_PROJECT_VERSION = 1;
				DEVELOPMENT_ASSET_PATHS = "\"CleanSwiftUI/Preview Content\"";
				DEVELOPMENT_TEAM = W98A637544;
				ENABLE_PREVIEWS = YES;
				GENERATE_INFOPLIST_FILE = YES;
				INFOPLIST_KEY_UIApplicationSceneManifest_Generation = YES;
				INFOPLIST_KEY_UIApplicationSupportsIndirectInputEvents = YES;
				INFOPLIST_KEY_UILaunchScreen_Generation = YES;
				INFOPLIST_KEY_UISupportedInterfaceOrientations_iPad = "UIInterfaceOrientationPortrait UIInterfaceOrientationPortraitUpsideDown UIInterfaceOrientationLandscapeLeft UIInterfaceOrientationLandscapeRight";
				INFOPLIST_KEY_UISupportedInterfaceOrientations_iPhone = "UIInterfaceOrientationPortrait UIInterfaceOrientationLandscapeLeft UIInterfaceOrientationLandscapeRight";
				LD_RUNPATH_SEARCH_PATHS = (
					"$(inherited)",
					"@executable_path/Frameworks",
				);
				MARKETING_VERSION = 1.0;
				PRODUCT_BUNDLE_IDENTIFIER = com.robbroadwell.CleanSwiftUI;
				PRODUCT_NAME = "$(TARGET_NAME)";
				SWIFT_EMIT_LOC_STRINGS = YES;
				SWIFT_VERSION = 5.0;
				TARGETED_DEVICE_FAMILY = "1,2";
			};
			name = Release;
		};
		D478B08628F56F57006333DB /* Debug */ = {
			isa = XCBuildConfiguration;
			buildSettings = {
				ALWAYS_EMBED_SWIFT_STANDARD_LIBRARIES = YES;
				BUNDLE_LOADER = "$(TEST_HOST)";
				CODE_SIGN_STYLE = Automatic;
				CURRENT_PROJECT_VERSION = 1;
				DEVELOPMENT_TEAM = W98A637544;
				GENERATE_INFOPLIST_FILE = YES;
				IPHONEOS_DEPLOYMENT_TARGET = 16.0;
				MARKETING_VERSION = 1.0;
				PRODUCT_BUNDLE_IDENTIFIER = com.robbroadwell.CleanSwiftUITests;
				PRODUCT_NAME = "$(TARGET_NAME)";
				SWIFT_EMIT_LOC_STRINGS = NO;
				SWIFT_VERSION = 5.0;
				TARGETED_DEVICE_FAMILY = "1,2";
				TEST_HOST = "$(BUILT_PRODUCTS_DIR)/CleanSwiftUI.app/$(BUNDLE_EXECUTABLE_FOLDER_PATH)/CleanSwiftUI";
			};
			name = Debug;
		};
		D478B08728F56F57006333DB /* Release */ = {
			isa = XCBuildConfiguration;
			buildSettings = {
				ALWAYS_EMBED_SWIFT_STANDARD_LIBRARIES = YES;
				BUNDLE_LOADER = "$(TEST_HOST)";
				CODE_SIGN_STYLE = Automatic;
				CURRENT_PROJECT_VERSION = 1;
				DEVELOPMENT_TEAM = W98A637544;
				GENERATE_INFOPLIST_FILE = YES;
				IPHONEOS_DEPLOYMENT_TARGET = 16.0;
				MARKETING_VERSION = 1.0;
				PRODUCT_BUNDLE_IDENTIFIER = com.robbroadwell.CleanSwiftUITests;
				PRODUCT_NAME = "$(TARGET_NAME)";
				SWIFT_EMIT_LOC_STRINGS = NO;
				SWIFT_VERSION = 5.0;
				TARGETED_DEVICE_FAMILY = "1,2";
				TEST_HOST = "$(BUILT_PRODUCTS_DIR)/CleanSwiftUI.app/$(BUNDLE_EXECUTABLE_FOLDER_PATH)/CleanSwiftUI";
			};
			name = Release;
		};
		D478B08928F56F57006333DB /* Debug */ = {
			isa = XCBuildConfiguration;
			buildSettings = {
				ALWAYS_EMBED_SWIFT_STANDARD_LIBRARIES = YES;
				CODE_SIGN_STYLE = Automatic;
				CURRENT_PROJECT_VERSION = 1;
				DEVELOPMENT_TEAM = W98A637544;
				GENERATE_INFOPLIST_FILE = YES;
				MARKETING_VERSION = 1.0;
				PRODUCT_BUNDLE_IDENTIFIER = com.robbroadwell.CleanSwiftUIUITests;
				PRODUCT_NAME = "$(TARGET_NAME)";
				SWIFT_EMIT_LOC_STRINGS = NO;
				SWIFT_VERSION = 5.0;
				TARGETED_DEVICE_FAMILY = "1,2";
				TEST_TARGET_NAME = CleanSwiftUI;
			};
			name = Debug;
		};
		D478B08A28F56F57006333DB /* Release */ = {
			isa = XCBuildConfiguration;
			buildSettings = {
				ALWAYS_EMBED_SWIFT_STANDARD_LIBRARIES = YES;
				CODE_SIGN_STYLE = Automatic;
				CURRENT_PROJECT_VERSION = 1;
				DEVELOPMENT_TEAM = W98A637544;
				GENERATE_INFOPLIST_FILE = YES;
				MARKETING_VERSION = 1.0;
				PRODUCT_BUNDLE_IDENTIFIER = com.robbroadwell.CleanSwiftUIUITests;
				PRODUCT_NAME = "$(TARGET_NAME)";
				SWIFT_EMIT_LOC_STRINGS = NO;
				SWIFT_VERSION = 5.0;
				TARGETED_DEVICE_FAMILY = "1,2";
				TEST_TARGET_NAME = CleanSwiftUI;
			};
			name = Release;
		};
/* End XCBuildConfiguration section */

/* Begin XCConfigurationList section */
		D478B05428F56F54006333DB /* Build configuration list for PBXProject "CleanSwiftUI" */ = {
			isa = XCConfigurationList;
			buildConfigurations = (
				D478B08028F56F57006333DB /* Debug */,
				D478B08128F56F57006333DB /* Release */,
			);
			defaultConfigurationIsVisible = 0;
			defaultConfigurationName = Release;
		};
		D478B08228F56F57006333DB /* Build configuration list for PBXNativeTarget "CleanSwiftUI" */ = {
			isa = XCConfigurationList;
			buildConfigurations = (
				D478B08328F56F57006333DB /* Debug */,
				D478B08428F56F57006333DB /* Release */,
			);
			defaultConfigurationIsVisible = 0;
			defaultConfigurationName = Release;
		};
		D478B08528F56F57006333DB /* Build configuration list for PBXNativeTarget "CleanSwiftUITests" */ = {
			isa = XCConfigurationList;
			buildConfigurations = (
				D478B08628F56F57006333DB /* Debug */,
				D478B08728F56F57006333DB /* Release */,
			);
			defaultConfigurationIsVisible = 0;
			defaultConfigurationName = Release;
		};
		D478B08828F56F57006333DB /* Build configuration list for PBXNativeTarget "CleanSwiftUIUITests" */ = {
			isa = XCConfigurationList;
			buildConfigurations = (
				D478B08928F56F57006333DB /* Debug */,
				D478B08A28F56F57006333DB /* Release */,
			);
			defaultConfigurationIsVisible = 0;
			defaultConfigurationName = Release;
		};
/* End XCConfigurationList section */

/* Begin XCVersionGroup section */
		D478B06728F56F56006333DB /* CleanSwiftUI.xcdatamodeld */ = {
			isa = XCVersionGroup;
			children = (
				D478B06828F56F56006333DB /* CleanSwiftUI.xcdatamodel */,
			);
			currentVersion = D478B06828F56F56006333DB /* CleanSwiftUI.xcdatamodel */;
			path = CleanSwiftUI.xcdatamodeld;
			sourceTree = "<group>";
			versionGroupType = wrapper.xcdatamodel;
		};
/* End XCVersionGroup section */
	};
	rootObject = D478B05128F56F54006333DB /* Project object */;
}
